PODS:
  - Birdsong (0.6.1):
    - Starscream (= 3.0.2)
  - KayakoMessenger (0.4.0):
    - Birdsong
    - NVActivityIndicatorView
    - PINCacheTexture
    - StatefulViewController
    - Texture
    - Unbox
    - Wrap
  - NVActivityIndicatorView (4.7.0):
    - NVActivityIndicatorView/Presenter (= 4.7.0)
  - NVActivityIndicatorView/Presenter (4.7.0)
  - PINCache (3.0.1-beta.6):
    - PINCache/Arc-exception-safe (= 3.0.1-beta.6)
    - PINCache/Core (= 3.0.1-beta.6)
  - PINCache/Arc-exception-safe (3.0.1-beta.6):
    - PINCache/Core
  - PINCache/Core (3.0.1-beta.6):
    - PINOperation (~> 1.1.0)
  - PINCacheTexture (0.0.4):
    - PINCache
    - Texture
  - PINOperation (1.1.2)
  - PINRemoteImage/Core (3.0.0-beta.13):
    - PINOperation
  - PINRemoteImage/iOS (3.0.0-beta.13):
    - PINRemoteImage/Core
  - PINRemoteImage/PINCache (3.0.0-beta.13):
    - PINCache (= 3.0.1-beta.6)
    - PINRemoteImage/Core
  - Starscream (3.0.2)
  - StatefulViewController (3.0)
  - Texture (2.8.1):
    - Texture/AssetsLibrary (= 2.8.1)
    - Texture/Core (= 2.8.1)
    - Texture/MapKit (= 2.8.1)
    - Texture/Photos (= 2.8.1)
    - Texture/PINRemoteImage (= 2.8.1)
    - Texture/Video (= 2.8.1)
  - Texture/AssetsLibrary (2.8.1):
    - Texture/Core
  - Texture/Core (2.8.1)
  - Texture/MapKit (2.8.1):
    - Texture/Core
  - Texture/Photos (2.8.1):
    - Texture/Core
  - Texture/PINRemoteImage (2.8.1):
    - PINRemoteImage/iOS (= 3.0.0-beta.13)
    - PINRemoteImage/PINCache
    - Texture/Core
  - Texture/Video (2.8.1):
    - Texture/Core
  - Unbox (4.0.0)
  - Wrap (3.0.0)

DEPENDENCIES:
  - KayakoMessenger

SPEC REPOS:
  https://github.com/cocoapods/specs.git:
    - Birdsong
    - KayakoMessenger
    - NVActivityIndicatorView
    - PINCache
    - PINCacheTexture
    - PINOperation
    - PINRemoteImage
    - Starscream
    - StatefulViewController
    - Texture
    - Unbox
    - Wrap

SPEC CHECKSUMS:
  Birdsong: 7559da13eb8e4b6334f2df75ea8a1199d7bc4bc3
  KayakoMessenger: ab15a950fefeed0e12aca64ad9ac76edec0641a5
  NVActivityIndicatorView: b19ddab2576f805cbe0fb2306cba3476e09a1dea
  PINCache: d195fdba255283f7e9900a55e3cced377f431f9b
  PINCacheTexture: d3112ffb987b47b59b3ec81112c3afc9f496f306
  PINOperation: 24b774353ca248fcf87d67b2d61eef42087c125a
  PINRemoteImage: d6d51c5d2adda55f1ce30c96e850b6c4ebd2856a
  Starscream: b512c62f6706421221b5ceb2ba01a9f58aca5bea
  StatefulViewController: 4803bf900d44de26074344998e10e041113b5931
  Texture: 8ecf6984065a1e54f06bf97b349ecca28582acd7
  Unbox: d2677af8fde59a30141e02981b11cb6a0e3b6bc5
  Wrap: 918fdb5157e4f701f9503b2633752d6f94616f84

PODFILE CHECKSUM: 21625383ba66b4a8bcd4ab09b27dd0a7ac70c0df

COCOAPODS: 1.7.0
